
Microsoft Visual Studio Solution File, Format Version 12.00
# Visual Studio Version 17
VisualStudioVersion = 17.5.33424.131
MinimumVisualStudioVersion = 10.0.40219.1
Project("{FAE04EC0-301F-11D3-BF4B-00C04F79EFBC}") = "fukuv0601", "fukuv0601\fukuv0601.csproj", "{8F7228FE-F242-4AFB-A337-57C09D3E36CA}"
EndProject
Global
	GlobalSection(SolutionConfigurationPlatforms) = preSolution
		Debug|Any CPU = Debug|Any CPU
		Release|Any CPU = Release|Any CPU
	EndGlobalSection
	GlobalSection(ProjectConfigurationPlatforms) = postSolution
		{8F7228FE-F242-4AFB-A337-57C09D3E36CA}.Debug|Any CPU.ActiveCfg = Debug|Any CPU
		{8F7228FE-F242-4AFB-A337-57C09D3E36CA}.Debug|Any CPU.Build.0 = Debug|Any CPU
		{8F7228FE-F242-4AFB-A337-57C09D3E36CA}.Release|Any CPU.ActiveCfg = Release|Any CPU
		{8F7228FE-F242-4AFB-A337-57C09D3E36CA}.Release|Any CPU.Build.0 = Release|Any CPU
	EndGlobalSection
	GlobalSection(SolutionProperties) = preSolution
		HideSolutionNode = FALSE
	EndGlobalSection
	GlobalSection(ExtensibilityGlobals) = postSolution
		SolutionGuid = {EC11BABB-0034-4D93-9F37-D3E3D4829831}
	EndGlobalSection
EndGlobal
